{
  "name": "@nightnutsky/bpapi",
  "version": "1.1.0",
  "lockfileVersion": 2,
  "requires": true,
  "packages": {
    "": {
      "name": "@nightnutsky/bpapi",
      "version": "1.1.0",
      "license": "MIT",
      "dependencies": {
        "centra": "^2.6.0"
      },
      "devDependencies": {
        "@types/centra": "^2.2.0"
      }
    },
    "node_modules/@types/centra": {
      "version": "2.2.0",
      "resolved": "https://registry.npmjs.org/@types/centra/-/centra-2.2.0.tgz",
      "integrity": "sha512-TUpM1QoIgXa2VL1LnWbTgde39+rRnsOtvb0v8ZrX8t51g8K1Wwu4HAEXcBg5a56GV5Vm/KazyE5+g4AW8YbKNg==",
      "dev": true,
      "dependencies": {
        "@types/node": "*"
      }
    },
    "node_modules/@types/node": {
      "version": "18.15.11",
      "resolved": "https://registry.npmjs.org/@types/node/-/node-18.15.11.tgz",
      "integrity": "sha512-E5Kwq2n4SbMzQOn6wnmBjuK9ouqlURrcZDVfbo9ftDDTFt3nk7ZKK4GMOzoYgnpQJKcxwQw+lGaBvvlMo0qN/Q==",
      "dev": true
    },
    "node_modules/centra": {
      "version": "2.6.0",
      "resolved": "https://registry.npmjs.org/centra/-/centra-2.6.0.tgz",
      "integrity": "sha512-dgh+YleemrT8u85QL11Z6tYhegAs3MMxsaWAq/oXeAmYJ7VxL3SI9TZtnfaEvNDMAPolj25FXIb3S+HCI4wQaQ=="
    }
  },
  "dependencies": {
    "@types/centra": {
      "version": "2.2.0",
      "resolved": "https://registry.npmjs.org/@types/centra/-/centra-2.2.0.tgz",
      "integrity": "sha512-TUpM1QoIgXa2VL1LnWbTgde39+rRnsOtvb0v8ZrX8t51g8K1Wwu4HAEXcBg5a56GV5Vm/KazyE5+g4AW8YbKNg==",
      "dev": true,
      "requires": {
        "@types/node": "*"
      }
    },
    "@types/node": {
      "version": "18.15.11",
      "resolved": "https://registry.npmjs.org/@types/node/-/node-18.15.11.tgz",
      "integrity": "sha512-E5Kwq2n4SbMzQOn6wnmBjuK9ouqlURrcZDVfbo9ftDDTFt3nk7ZKK4GMOzoYgnpQJKcxwQw+lGaBvvlMo0qN/Q==",
      "dev": true
    },
    "centra": {
      "version": "2.6.0",
      "resolved": "https://registry.npmjs.org/centra/-/centra-2.6.0.tgz",
      "integrity": "sha512-dgh+YleemrT8u85QL11Z6tYhegAs3MMxsaWAq/oXeAmYJ7VxL3SI9TZtnfaEvNDMAPolj25FXIb3S+HCI4wQaQ=="
    }
  }
}
